
Microsoft Visual Studio Solution File, Format Version 11.00
# Visual Studio 2010
Project("{8BC9CEB8-8B4A-11D0-8D11-00A0C91BC942}") = "dt", "dt.vcxproj", "{63328449-8C00-4866-A540-0F7DD0D79EFF}"
EndProject
Global
	GlobalSection(SolutionConfigurationPlatforms) = preSolution
		Debug|Win32 = Debug|Win32
		Release (disable asserts)|Win32 = Release (disable asserts)|Win32
		Release|Win32 = Release|Win32
	EndGlobalSection
	GlobalSection(ProjectConfigurationPlatforms) = postSolution
		{63328449-8C00-4866-A540-0F7DD0D79EFF}.Debug|Win32.ActiveCfg = Debug|Win32
		{63328449-8C00-4866-A540-0F7DD0D79EFF}.Debug|Win32.Build.0 = Debug|Win32
		{63328449-8C00-4866-A540-0F7DD0D79EFF}.Release (disable asserts)|Win32.ActiveCfg = Release (disable asserts)|Win32
		{63328449-8C00-4866-A540-0F7DD0D79EFF}.Release (disable asserts)|Win32.Build.0 = Release (disable asserts)|Win32
		{63328449-8C00-4866-A540-0F7DD0D79EFF}.Release|Win32.ActiveCfg = Release|Win32
		{63328449-8C00-4866-A540-0F7DD0D79EFF}.Release|Win32.Build.0 = Release|Win32
	EndGlobalSection
	GlobalSection(SolutionProperties) = preSolution
		HideSolutionNode = FALSE
	EndGlobalSection
EndGlobal
